
Microsoft Visual Studio Solution File, Format Version 12.00
# Visual Studio Version 17
VisualStudioVersion = 17.6.33815.320
MinimumVisualStudioVersion = 10.0.40219.1
Project("{FAE04EC0-301F-11D3-BF4B-00C04F79EFBC}") = "shapes", "shapes\shapes.csproj", "{875A2F93-0800-4ABB-8295-703116CA0C70}"
EndProject
Project("{FAE04EC0-301F-11D3-BF4B-00C04F79EFBC}") = "shapes.test", "shapes.test\shapes.test.csproj", "{F5DAC371-5401-4A07-9E79-CA028477A818}"
EndProject
Global
	GlobalSection(SolutionConfigurationPlatforms) = preSolution
		Debug|Any CPU = Debug|Any CPU
		Release|Any CPU = Release|Any CPU
	EndGlobalSection
	GlobalSection(ProjectConfigurationPlatforms) = postSolution
		{875A2F93-0800-4ABB-8295-703116CA0C70}.Debug|Any CPU.ActiveCfg = Debug|Any CPU
		{875A2F93-0800-4ABB-8295-703116CA0C70}.Debug|Any CPU.Build.0 = Debug|Any CPU
		{875A2F93-0800-4ABB-8295-703116CA0C70}.Release|Any CPU.ActiveCfg = Release|Any CPU
		{875A2F93-0800-4ABB-8295-703116CA0C70}.Release|Any CPU.Build.0 = Release|Any CPU
		{F5DAC371-5401-4A07-9E79-CA028477A818}.Debug|Any CPU.ActiveCfg = Debug|Any CPU
		{F5DAC371-5401-4A07-9E79-CA028477A818}.Debug|Any CPU.Build.0 = Debug|Any CPU
		{F5DAC371-5401-4A07-9E79-CA028477A818}.Release|Any CPU.ActiveCfg = Release|Any CPU
		{F5DAC371-5401-4A07-9E79-CA028477A818}.Release|Any CPU.Build.0 = Release|Any CPU
	EndGlobalSection
	GlobalSection(SolutionProperties) = preSolution
		HideSolutionNode = FALSE
	EndGlobalSection
	GlobalSection(ExtensibilityGlobals) = postSolution
		SolutionGuid = {65973F42-3B58-4C88-8B6A-EC979C7D541A}
	EndGlobalSection
EndGlobal
