
Microsoft Visual Studio Solution File, Format Version 12.00
# Visual Studio Version 17
VisualStudioVersion = 17.6.33815.320
MinimumVisualStudioVersion = 10.0.40219.1
Project("{FAE04EC0-301F-11D3-BF4B-00C04F79EFBC}") = "VisualCalc.Web", "VisualCalc.Web\VisualCalc.Web.csproj", "{994A6EEC-CFB6-46B6-B9A1-F7244A991E5C}"
EndProject
Project("{9A19103F-16F7-4668-BE54-9A1E7A4F7556}") = "VisualCalc.Models", "VisualCalc.Models\VisualCalc.Models.csproj", "{7F845A72-72F5-496A-837F-E8D9905CDABC}"
EndProject
Global
	GlobalSection(SolutionConfigurationPlatforms) = preSolution
		Debug|Any CPU = Debug|Any CPU
		Release|Any CPU = Release|Any CPU
	EndGlobalSection
	GlobalSection(ProjectConfigurationPlatforms) = postSolution
		{7F845A72-72F5-496A-837F-E8D9905CDABC}.Debug|Any CPU.ActiveCfg = Debug|Any CPU
		{7F845A72-72F5-496A-837F-E8D9905CDABC}.Debug|Any CPU.Build.0 = Debug|Any CPU
		{7F845A72-72F5-496A-837F-E8D9905CDABC}.Release|Any CPU.ActiveCfg = Release|Any CPU
		{7F845A72-72F5-496A-837F-E8D9905CDABC}.Release|Any CPU.Build.0 = Release|Any CPU
		{994A6EEC-CFB6-46B6-B9A1-F7244A991E5C}.Debug|Any CPU.ActiveCfg = Debug|Any CPU
		{994A6EEC-CFB6-46B6-B9A1-F7244A991E5C}.Debug|Any CPU.Build.0 = Debug|Any CPU
		{994A6EEC-CFB6-46B6-B9A1-F7244A991E5C}.Release|Any CPU.ActiveCfg = Release|Any CPU
		{994A6EEC-CFB6-46B6-B9A1-F7244A991E5C}.Release|Any CPU.Build.0 = Release|Any CPU
	EndGlobalSection
	GlobalSection(SolutionProperties) = preSolution
		HideSolutionNode = FALSE
	EndGlobalSection
	GlobalSection(ExtensibilityGlobals) = postSolution
		SolutionGuid = {D360F351-B571-411B-8387-B747EC5EB60B}
	EndGlobalSection
EndGlobal
